// !$*UTF8*$!
{
	archiveVersion = 1;
	classes = {
	};
	objectVersion = 55;
	objects = {

/* Begin PBXBuildFile section */
		7343CD3D288E985D00A0D043 /* AppDelegate.swift in Sources */ = {isa = PBXBuildFile; fileRef = 7343CD3C288E985D00A0D043 /* AppDelegate.swift */; };
		7343CD3F288E985D00A0D043 /* SceneDelegate.swift in Sources */ = {isa = PBXBuildFile; fileRef = 7343CD3E288E985D00A0D043 /* SceneDelegate.swift */; };
		7343CD41288E985D00A0D043 /* ViewController.swift in Sources */ = {isa = PBXBuildFile; fileRef = 7343CD40288E985D00A0D043 /* ViewController.swift */; };
		7343CD44288E985D00A0D043 /* Main.storyboard in Resources */ = {isa = PBXBuildFile; fileRef = 7343CD42288E985D00A0D043 /* Main.storyboard */; };
		7343CD46288E986100A0D043 /* Assets.xcassets in Resources */ = {isa = PBXBuildFile; fileRef = 7343CD45288E986100A0D043 /* Assets.xcassets */; };
		7343CD49288E986100A0D043 /* LaunchScreen.storyboard in Resources */ = {isa = PBXBuildFile; fileRef = 7343CD47288E986100A0D043 /* LaunchScreen.storyboard */; };
		7343CD54288E986200A0D043 /* BytedanceWeatherTests.swift in Sources */ = {isa = PBXBuildFile; fileRef = 7343CD53288E986200A0D043 /* BytedanceWeatherTests.swift */; };
		7343CD5E288E986200A0D043 /* BytedanceWeatherUITests.swift in Sources */ = {isa = PBXBuildFile; fileRef = 7343CD5D288E986200A0D043 /* BytedanceWeatherUITests.swift */; };
		7343CD60288E986200A0D043 /* BytedanceWeatherUITestsLaunchTests.swift in Sources */ = {isa = PBXBuildFile; fileRef = 7343CD5F288E986200A0D043 /* BytedanceWeatherUITestsLaunchTests.swift */; };
/* End PBXBuildFile section */

/* Begin PBXContainerItemProxy section */
		7343CD50288E986200A0D043 /* PBXContainerItemProxy */ = {
			isa = PBXContainerItemProxy;
			containerPortal = 7343CD31288E985D00A0D043 /* Project object */;
			proxyType = 1;
			remoteGlobalIDString = 7343CD38288E985D00A0D043;
			remoteInfo = BytedanceWeather;
		};
		7343CD5A288E986200A0D043 /* PBXContainerItemProxy */ = {
			isa = PBXContainerItemProxy;
			containerPortal = 7343CD31288E985D00A0D043 /* Project object */;
			proxyType = 1;
			remoteGlobalIDString = 7343CD38288E985D00A0D043;
			remoteInfo = BytedanceWeather;
		};
/* End PBXContainerItemProxy section */

/* Begin PBXFileReference section */
		7343CD39288E985D00A0D043 /* BytedanceWeather.app */ = {isa = PBXFileReference; explicitFileType = wrapper.application; includeInIndex = 0; path = BytedanceWeather.app; sourceTree = BUILT_PRODUCTS_DIR; };
		7343CD3C288E985D00A0D043 /* AppDelegate.swift */ = {isa = PBXFileReference; lastKnownFileType = sourcecode.swift; path = AppDelegate.swift; sourceTree = "<group>"; };
		7343CD3E288E985D00A0D043 /* SceneDelegate.swift */ = {isa = PBXFileReference; lastKnownFileType = sourcecode.swift; path = SceneDelegate.swift; sourceTree = "<group>"; };
		7343CD40288E985D00A0D043 /* ViewController.swift */ = {isa = PBXFileReference; lastKnownFileType = sourcecode.swift; path = ViewController.swift; sourceTree = "<group>"; };
		7343CD43288E985D00A0D043 /* Base */ = {isa = PBXFileReference; lastKnownFileType = file.storyboard; name = Base; path = Base.lproj/Main.storyboard; sourceTree = "<group>"; };
		7343CD45288E986100A0D043 /* Assets.xcassets */ = {isa = PBXFileReference; lastKnownFileType = folder.assetcatalog; path = Assets.xcassets; sourceTree = "<group>"; };
		7343CD48288E986100A0D043 /* Base */ = {isa = PBXFileReference; lastKnownFileType = file.storyboard; name = Base; path = Base.lproj/LaunchScreen.storyboard; sourceTree = "<group>"; };
		7343CD4A288E986100A0D043 /* Info.plist */ = {isa = PBXFileReference; lastKnownFileType = text.plist.xml; path = Info.plist; sourceTree = "<group>"; };
		7343CD4F288E986200A0D043 /* BytedanceWeatherTests.xctest */ = {isa = PBXFileReference; explicitFileType = wrapper.cfbundle; includeInIndex = 0; path = BytedanceWeatherTests.xctest; sourceTree = BUILT_PRODUCTS_DIR; };
		7343CD53288E986200A0D043 /* BytedanceWeatherTests.swift */ = {isa = PBXFileReference; lastKnownFileType = sourcecode.swift; path = BytedanceWeatherTests.swift; sourceTree = "<group>"; };
		7343CD59288E986200A0D043 /* BytedanceWeatherUITests.xctest */ = {isa = PBXFileReference; explicitFileType = wrapper.cfbundle; includeInIndex = 0; path = BytedanceWeatherUITests.xctest; sourceTree = BUILT_PRODUCTS_DIR; };
		7343CD5D288E986200A0D043 /* BytedanceWeatherUITests.swift */ = {isa = PBXFileReference; lastKnownFileType = sourcecode.swift; path = BytedanceWeatherUITests.swift; sourceTree = "<group>"; };
		7343CD5F288E986200A0D043 /* BytedanceWeatherUITestsLaunchTests.swift */ = {isa = PBXFileReference; lastKnownFileType = sourcecode.swift; path = BytedanceWeatherUITestsLaunchTests.swift; sourceTree = "<group>"; };
/* End PBXFileReference section */

/* Begin PBXFrameworksBuildPhase section */
		7343CD36288E985D00A0D043 /* Frameworks */ = {
			isa = PBXFrameworksBuildPhase;
			buildActionMask = 2147483647;
			files = (
			);
			runOnlyForDeploymentPostprocessing = 0;
		};
		7343CD4C288E986200A0D043 /* Frameworks */ = {
			isa = PBXFrameworksBuildPhase;
			buildActionMask = 2147483647;
			files = (
			);
			runOnlyForDeploymentPostprocessing = 0;
		};
		7343CD56288E986200A0D043 /* Frameworks */ = {
			isa = PBXFrameworksBuildPhase;
			buildActionMask = 2147483647;
			files = (
			);
			runOnlyForDeploymentPostprocessing = 0;
		};
/* End PBXFrameworksBuildPhase section */

/* Begin PBXGroup section */
		7343CD30288E985D00A0D043 = {
			isa = PBXGroup;
			children = (
				7343CD3B288E985D00A0D043 /* BytedanceWeather */,
				7343CD52288E986200A0D043 /* BytedanceWeatherTests */,
				7343CD5C288E986200A0D043 /* BytedanceWeatherUITests */,
				7343CD3A288E985D00A0D043 /* Products */,
			);
			sourceTree = "<group>";
		};
		7343CD3A288E985D00A0D043 /* Products */ = {
			isa = PBXGroup;
			children = (
				7343CD39288E985D00A0D043 /* BytedanceWeather.app */,
				7343CD4F288E986200A0D043 /* BytedanceWeatherTests.xctest */,
				7343CD59288E986200A0D043 /* BytedanceWeatherUITests.xctest */,
			);
			name = Products;
			sourceTree = "<group>";
		};
		7343CD3B288E985D00A0D043 /* BytedanceWeather */ = {
			isa = PBXGroup;
			children = (
				7343CD3C288E985D00A0D043 /* AppDelegate.swift */,
				7343CD3E288E985D00A0D043 /* SceneDelegate.swift */,
				7343CD40288E985D00A0D043 /* ViewController.swift */,
				7343CD42288E985D00A0D043 /* Main.storyboard */,
				7343CD45288E986100A0D043 /* Assets.xcassets */,
				7343CD47288E986100A0D043 /* LaunchScreen.storyboard */,
				7343CD4A288E986100A0D043 /* Info.plist */,
			);
			path = BytedanceWeather;
			sourceTree = "<group>";
		};
		7343CD52288E986200A0D043 /* BytedanceWeatherTests */ = {
			isa = PBXGroup;
			children = (
				7343CD53288E986200A0D043 /* BytedanceWeatherTests.swift */,
			);
			path = BytedanceWeatherTests;
			sourceTree = "<group>";
		};
		7343CD5C288E986200A0D043 /* BytedanceWeatherUITests */ = {
			isa = PBXGroup;
			children = (
				7343CD5D288E986200A0D043 /* BytedanceWeatherUITests.swift */,
				7343CD5F288E986200A0D043 /* BytedanceWeatherUITestsLaunchTests.swift */,
			);
			path = BytedanceWeatherUITests;
			sourceTree = "<group>";
		};
/* End PBXGroup section */

/* Begin PBXNativeTarget section */
		7343CD38288E985D00A0D043 /* BytedanceWeather */ = {
			isa = PBXNativeTarget;
			buildConfigurationList = 7343CD63288E986200A0D043 /* Build configuration list for PBXNativeTarget "BytedanceWeather" */;
			buildPhases = (
				7343CD35288E985D00A0D043 /* Sources */,
				7343CD36288E985D00A0D043 /* Frameworks */,
				7343CD37288E985D00A0D043 /* Resources */,
			);
			buildRules = (
			);
			dependencies = (
			);
			name = BytedanceWeather;
			productName = BytedanceWeather;
			productReference = 7343CD39288E985D00A0D043 /* BytedanceWeather.app */;
			productType = "com.apple.product-type.application";
		};
		7343CD4E288E986200A0D043 /* BytedanceWeatherTests */ = {
			isa = PBXNativeTarget;
			buildConfigurationList = 7343CD66288E986200A0D043 /* Build configuration list for PBXNativeTarget "BytedanceWeatherTests" */;
			buildPhases = (
				7343CD4B288E986200A0D043 /* Sources */,
				7343CD4C288E986200A0D043 /* Frameworks */,
				7343CD4D288E986200A0D043 /* Resources */,
			);
			buildRules = (
			);
			dependencies = (
				7343CD51288E986200A0D043 /* PBXTargetDependency */,
			);
			name = BytedanceWeatherTests;
			productName = BytedanceWeatherTests;
			productReference = 7343CD4F288E986200A0D043 /* BytedanceWeatherTests.xctest */;
			productType = "com.apple.product-type.bundle.unit-test";
		};
		7343CD58288E986200A0D043 /* BytedanceWeatherUITests */ = {
			isa = PBXNativeTarget;
			buildConfigurationList = 7343CD69288E986200A0D043 /* Build configuration list for PBXNativeTarget "BytedanceWeatherUITests" */;
			buildPhases = (
				7343CD55288E986200A0D043 /* Sources */,
				7343CD56288E986200A0D043 /* Frameworks */,
				7343CD57288E986200A0D043 /* Resources */,
			);
			buildRules = (
			);
			dependencies = (
				7343CD5B288E986200A0D043 /* PBXTargetDependency */,
			);
			name = BytedanceWeatherUITests;
			productName = BytedanceWeatherUITests;
			productReference = 7343CD59288E986200A0D043 /* BytedanceWeatherUITests.xctest */;
			productType = "com.apple.product-type.bundle.ui-testing";
		};
/* End PBXNativeTarget section */

/* Begin PBXProject section */
		7343CD31288E985D00A0D043 /* Project object */ = {
			isa = PBXProject;
			attributes = {
				BuildIndependentTargetsInParallel = 1;
				LastSwiftUpdateCheck = 1310;
				LastUpgradeCheck = 1310;
				TargetAttributes = {
					7343CD38288E985D00A0D043 = {
						CreatedOnToolsVersion = 13.1;
					};
					7343CD4E288E986200A0D043 = {
						CreatedOnToolsVersion = 13.1;
						TestTargetID = 7343CD38288E985D00A0D043;
					};
					7343CD58288E986200A0D043 = {
						CreatedOnToolsVersion = 13.1;
						TestTargetID = 7343CD38288E985D00A0D043;
					};
				};
			};
			buildConfigurationList = 7343CD34288E985D00A0D043 /* Build configuration list for PBXProject "BytedanceWeather" */;
			compatibilityVersion = "Xcode 13.0";
			developmentRegion = en;
			hasScannedForEncodings = 0;
			knownRegions = (
				en,
				Base,
			);
			mainGroup = 7343CD30288E985D00A0D043;
			productRefGroup = 7343CD3A288E985D00A0D043 /* Products */;
			projectDirPath = "";
			projectRoot = "";
			targets = (
				7343CD38288E985D00A0D043 /* BytedanceWeather */,
				7343CD4E288E986200A0D043 /* BytedanceWeatherTests */,
				7343CD58288E986200A0D043 /* BytedanceWeatherUITests */,
			);
		};
/* End PBXProject section */

/* Begin PBXResourcesBuildPhase section */
		7343CD37288E985D00A0D043 /* Resources */ = {
			isa = PBXResourcesBuildPhase;
			buildActionMask = 2147483647;
			files = (
				7343CD49288E986100A0D043 /* LaunchScreen.storyboard in Resources */,
				7343CD46288E986100A0D043 /* Assets.xcassets in Resources */,
				7343CD44288E985D00A0D043 /* Main.storyboard in Resources */,
			);
			runOnlyForDeploymentPostprocessing = 0;
		};
		7343CD4D288E986200A0D043 /* Resources */ = {
			isa = PBXResourcesBuildPhase;
			buildActionMask = 2147483647;
			files = (
			);
			runOnlyForDeploymentPostprocessing = 0;
		};
		7343CD57288E986200A0D043 /* Resources */ = {
			isa = PBXResourcesBuildPhase;
			buildActionMask = 2147483647;
			files = (
			);
			runOnlyForDeploymentPostprocessing = 0;
		};
/* End PBXResourcesBuildPhase section */

/* Begin PBXSourcesBuildPhase section */
		7343CD35288E985D00A0D043 /* Sources */ = {
			isa = PBXSourcesBuildPhase;
			buildActionMask = 2147483647;
			files = (
				7343CD41288E985D00A0D043 /* ViewController.swift in Sources */,
				7343CD3D288E985D00A0D043 /* AppDelegate.swift in Sources */,
				7343CD3F288E985D00A0D043 /* SceneDelegate.swift in Sources */,
			);
			runOnlyForDeploymentPostprocessing = 0;
		};
		7343CD4B288E986200A0D043 /* Sources */ = {
			isa = PBXSourcesBuildPhase;
			buildActionMask = 2147483647;
			files = (
				7343CD54288E986200A0D043 /* BytedanceWeatherTests.swift in Sources */,
			);
			runOnlyForDeploymentPostprocessing = 0;
		};
		7343CD55288E986200A0D043 /* Sources */ = {
			isa = PBXSourcesBuildPhase;
			buildActionMask = 2147483647;
			files = (
				7343CD5E288E986200A0D043 /* BytedanceWeatherUITests.swift in Sources */,
				7343CD60288E986200A0D043 /* BytedanceWeatherUITestsLaunchTests.swift in Sources */,
			);
			runOnlyForDeploymentPostprocessing = 0;
		};
/* End PBXSourcesBuildPhase section */

/* Begin PBXTargetDependency section */
		7343CD51288E986200A0D043 /* PBXTargetDependency */ = {
			isa = PBXTargetDependency;
			target = 7343CD38288E985D00A0D043 /* BytedanceWeather */;
			targetProxy = 7343CD50288E986200A0D043 /* PBXContainerItemProxy */;
		};
		7343CD5B288E986200A0D043 /* PBXTargetDependency */ = {
			isa = PBXTargetDependency;
			target = 7343CD38288E985D00A0D043 /* BytedanceWeather */;
			targetProxy = 7343CD5A288E986200A0D043 /* PBXContainerItemProxy */;
		};
/* End PBXTargetDependency section */

/* Begin PBXVariantGroup section */
		7343CD42288E985D00A0D043 /* Main.storyboard */ = {
			isa = PBXVariantGroup;
			children = (
				7343CD43288E985D00A0D043 /* Base */,
			);
			name = Main.storyboard;
			sourceTree = "<group>";
		};
		7343CD47288E986100A0D043 /* LaunchScreen.storyboard */ = {
			isa = PBXVariantGroup;
			children = (
				7343CD48288E986100A0D043 /* Base */,
			);
			name = LaunchScreen.storyboard;
			sourceTree = "<group>";
		};
/* End PBXVariantGroup section */

/* Begin XCBuildConfiguration section */
		7343CD61288E986200A0D043 /* Debug */ = {
			isa = XCBuildConfiguration;
			buildSettings = {
				ALWAYS_SEARCH_USER_PATHS = NO;
				CLANG_ANALYZER_NONNULL = YES;
				CLANG_ANALYZER_NUMBER_OBJECT_CONVERSION = YES_AGGRESSIVE;
				CLANG_CXX_LANGUAGE_STANDARD = "gnu++17";
				CLANG_CXX_LIBRARY = "libc++";
				CLANG_ENABLE_MODULES = YES;
				CLANG_ENABLE_OBJC_ARC = YES;
				CLANG_ENABLE_OBJC_WEAK = YES;
				CLANG_WARN_BLOCK_CAPTURE_AUTORELEASING = YES;
				CLANG_WARN_BOOL_CONVERSION = YES;
				CLANG_WARN_COMMA = YES;
				CLANG_WARN_CONSTANT_CONVERSION = YES;
				CLANG_WARN_DEPRECATED_OBJC_IMPLEMENTATIONS = YES;
				CLANG_WARN_DIRECT_OBJC_ISA_USAGE = YES_ERROR;
				CLANG_WARN_DOCUMENTATION_COMMENTS = YES;
				CLANG_WARN_EMPTY_BODY = YES;
				CLANG_WARN_ENUM_CONVERSION = YES;
				CLANG_WARN_INFINITE_RECURSION = YES;
				CLANG_WARN_INT_CONVERSION = YES;
				CLANG_WARN_NON_LITERAL_NULL_CONVERSION = YES;
				CLANG_WARN_OBJC_IMPLICIT_RETAIN_SELF = YES;
				CLANG_WARN_OBJC_LITERAL_CONVERSION = YES;
				CLANG_WARN_OBJC_ROOT_CLASS = YES_ERROR;
				CLANG_WARN_QUOTED_INCLUDE_IN_FRAMEWORK_HEADER = YES;
				CLANG_WARN_RANGE_LOOP_ANALYSIS = YES;
				CLANG_WARN_STRICT_PROTOTYPES = YES;
				CLANG_WARN_SUSPICIOUS_MOVE = YES;
				CLANG_WARN_UNGUARDED_AVAILABILITY = YES_AGGRESSIVE;
				CLANG_WARN_UNREACHABLE_CODE = YES;
				CLANG_WARN__DUPLICATE_METHOD_MATCH = YES;
				COPY_PHASE_STRIP = NO;
				DEBUG_INFORMATION_FORMAT = dwarf;
				ENABLE_STRICT_OBJC_MSGSEND = YES;
				ENABLE_TESTABILITY = YES;
				GCC_C_LANGUAGE_STANDARD = gnu11;
				GCC_DYNAMIC_NO_PIC = NO;
				GCC_NO_COMMON_BLOCKS = YES;
				GCC_OPTIMIZATION_LEVEL = 0;
				GCC_PREPROCESSOR_DEFINITIONS = (
					"DEBUG=1",
					"$(inherited)",
				);
				GCC_WARN_64_TO_32_BIT_CONVERSION = YES;
				GCC_WARN_ABOUT_RETURN_TYPE = YES_ERROR;
				GCC_WARN_UNDECLARED_SELECTOR = YES;
				GCC_WARN_UNINITIALIZED_AUTOS = YES_AGGRESSIVE;
				GCC_WARN_UNUSED_FUNCTION = YES;
				GCC_WARN_UNUSED_VARIABLE = YES;
				IPHONEOS_DEPLOYMENT_TARGET = 15.0;
				MTL_ENABLE_DEBUG_INFO = INCLUDE_SOURCE;
				MTL_FAST_MATH = YES;
				ONLY_ACTIVE_ARCH = YES;
				SDKROOT = iphoneos;
				SWIFT_ACTIVE_COMPILATION_CONDITIONS = DEBUG;
				SWIFT_OPTIMIZATION_LEVEL = "-Onone";
			};
			name = Debug;
		};
		7343CD62288E986200A0D043 /* Release */ = {
			isa = XCBuildConfiguration;
			buildSettings = {
				ALWAYS_SEARCH_USER_PATHS = NO;
				CLANG_ANALYZER_NONNULL = YES;
				CLANG_ANALYZER_NUMBER_OBJECT_CONVERSION = YES_AGGRESSIVE;
				CLANG_CXX_LANGUAGE_STANDARD = "gnu++17";
				CLANG_CXX_LIBRARY = "libc++";
				CLANG_ENABLE_MODULES = YES;
				CLANG_ENABLE_OBJC_ARC = YES;
				CLANG_ENABLE_OBJC_WEAK = YES;
				CLANG_WARN_BLOCK_CAPTURE_AUTORELEASING = YES;
				CLANG_WARN_BOOL_CONVERSION = YES;
				CLANG_WARN_COMMA = YES;
				CLANG_WARN_CONSTANT_CONVERSION = YES;
				CLANG_WARN_DEPRECATED_OBJC_IMPLEMENTATIONS = YES;
				CLANG_WARN_DIRECT_OBJC_ISA_USAGE = YES_ERROR;
				CLANG_WARN_DOCUMENTATION_COMMENTS = YES;
				CLANG_WARN_EMPTY_BODY = YES;
				CLANG_WARN_ENUM_CONVERSION = YES;
				CLANG_WARN_INFINITE_RECURSION = YES;
				CLANG_WARN_INT_CONVERSION = YES;
				CLANG_WARN_NON_LITERAL_NULL_CONVERSION = YES;
				CLANG_WARN_OBJC_IMPLICIT_RETAIN_SELF = YES;
				CLANG_WARN_OBJC_LITERAL_CONVERSION = YES;
				CLANG_WARN_OBJC_ROOT_CLASS = YES_ERROR;
				CLANG_WARN_QUOTED_INCLUDE_IN_FRAMEWORK_HEADER = YES;
				CLANG_WARN_RANGE_LOOP_ANALYSIS = YES;
				CLANG_WARN_STRICT_PROTOTYPES = YES;
				CLANG_WARN_SUSPICIOUS_MOVE = YES;
				CLANG_WARN_UNGUARDED_AVAILABILITY = YES_AGGRESSIVE;
				CLANG_WARN_UNREACHABLE_CODE = YES;
				CLANG_WARN__DUPLICATE_METHOD_MATCH = YES;
				COPY_PHASE_STRIP = NO;
				DEBUG_INFORMATION_FORMAT = "dwarf-with-dsym";
				ENABLE_NS_ASSERTIONS = NO;
				ENABLE_STRICT_OBJC_MSGSEND = YES;
				GCC_C_LANGUAGE_STANDARD = gnu11;
				GCC_NO_COMMON_BLOCKS = YES;
				GCC_WARN_64_TO_32_BIT_CONVERSION = YES;
				GCC_WARN_ABOUT_RETURN_TYPE = YES_ERROR;
				GCC_WARN_UNDECLARED_SELECTOR = YES;
				GCC_WARN_UNINITIALIZED_AUTOS = YES_AGGRESSIVE;
				GCC_WARN_UNUSED_FUNCTION = YES;
				GCC_WARN_UNUSED_VARIABLE = YES;
				IPHONEOS_DEPLOYMENT_TARGET = 15.0;
				MTL_ENABLE_DEBUG_INFO = NO;
				MTL_FAST_MATH = YES;
				SDKROOT = iphoneos;
				SWIFT_COMPILATION_MODE = wholemodule;
				SWIFT_OPTIMIZATION_LEVEL = "-O";
				VALIDATE_PRODUCT = YES;
			};
			name = Release;
		};
		7343CD64288E986200A0D043 /* Debug */ = {
			isa = XCBuildConfiguration;
			buildSettings = {
				ASSETCATALOG_COMPILER_APPICON_NAME = AppIcon;
				ASSETCATALOG_COMPILER_GLOBAL_ACCENT_COLOR_NAME = AccentColor;
				CODE_SIGN_STYLE = Automatic;
				CURRENT_PROJECT_VERSION = 1;
				GENERATE_INFOPLIST_FILE = YES;
				INFOPLIST_FILE = BytedanceWeather/Info.plist;
				INFOPLIST_KEY_UIApplicationSupportsIndirectInputEvents = YES;
				INFOPLIST_KEY_UILaunchStoryboardName = LaunchScreen;
				INFOPLIST_KEY_UIMainStoryboardFile = Main;
				INFOPLIST_KEY_UISupportedInterfaceOrientations_iPad = "UIInterfaceOrientationPortrait UIInterfaceOrientationPortraitUpsideDown UIInterfaceOrientationLandscapeLeft UIInterfaceOrientationLandscapeRight";
				INFOPLIST_KEY_UISupportedInterfaceOrientations_iPhone = "UIInterfaceOrientationPortrait UIInterfaceOrientationLandscapeLeft UIInterfaceOrientationLandscapeRight";
				LD_RUNPATH_SEARCH_PATHS = (
					"$(inherited)",
					"@executable_path/Frameworks",
				);
				MARKETING_VERSION = 1.0;
				PRODUCT_BUNDLE_IDENTIFIER = com.bytedance.BytedanceWeather;
				PRODUCT_NAME = "$(TARGET_NAME)";
				SWIFT_EMIT_LOC_STRINGS = YES;
				SWIFT_VERSION = 5.0;
				TARGETED_DEVICE_FAMILY = "1,2";
			};
			name = Debug;
		};
		7343CD65288E986200A0D043 /* Release */ = {
			isa = XCBuildConfiguration;
			buildSettings = {
				ASSETCATALOG_COMPILER_APPICON_NAME = AppIcon;
				ASSETCATALOG_COMPILER_GLOBAL_ACCENT_COLOR_NAME = AccentColor;
				CODE_SIGN_STYLE = Automatic;
				CURRENT_PROJECT_VERSION = 1;
				GENERATE_INFOPLIST_FILE = YES;
				INFOPLIST_FILE = BytedanceWeather/Info.plist;
				INFOPLIST_KEY_UIApplicationSupportsIndirectInputEvents = YES;
				INFOPLIST_KEY_UILaunchStoryboardName = LaunchScreen;
				INFOPLIST_KEY_UIMainStoryboardFile = Main;
				INFOPLIST_KEY_UISupportedInterfaceOrientations_iPad = "UIInterfaceOrientationPortrait UIInterfaceOrientationPortraitUpsideDown UIInterfaceOrientationLandscapeLeft UIInterfaceOrientationLandscapeRight";
				INFOPLIST_KEY_UISupportedInterfaceOrientations_iPhone = "UIInterfaceOrientationPortrait UIInterfaceOrientationLandscapeLeft UIInterfaceOrientationLandscapeRight";
				LD_RUNPATH_SEARCH_PATHS = (
					"$(inherited)",
					"@executable_path/Frameworks",
				);
				MARKETING_VERSION = 1.0;
				PRODUCT_BUNDLE_IDENTIFIER = com.bytedance.BytedanceWeather;
				PRODUCT_NAME = "$(TARGET_NAME)";
				SWIFT_EMIT_LOC_STRINGS = YES;
				SWIFT_VERSION = 5.0;
				TARGETED_DEVICE_FAMILY = "1,2";
			};
			name = Release;
		};
		7343CD67288E986200A0D043 /* Debug */ = {
			isa = XCBuildConfiguration;
			buildSettings = {
				ALWAYS_EMBED_SWIFT_STANDARD_LIBRARIES = YES;
				BUNDLE_LOADER = "$(TEST_HOST)";
				CODE_SIGN_STYLE = Automatic;
				CURRENT_PROJECT_VERSION = 1;
				GENERATE_INFOPLIST_FILE = YES;
				IPHONEOS_DEPLOYMENT_TARGET = 15.0;
				LD_RUNPATH_SEARCH_PATHS = (
					"$(inherited)",
					"@executable_path/Frameworks",
					"@loader_path/Frameworks",
				);
				MARKETING_VERSION = 1.0;
				PRODUCT_BUNDLE_IDENTIFIER = com.bytedance.BytedanceWeatherTests;
				PRODUCT_NAME = "$(TARGET_NAME)";
				SWIFT_EMIT_LOC_STRINGS = NO;
				SWIFT_VERSION = 5.0;
				TARGETED_DEVICE_FAMILY = "1,2";
				TEST_HOST = "$(BUILT_PRODUCTS_DIR)/BytedanceWeather.app/BytedanceWeather";
			};
			name = Debug;
		};
		7343CD68288E986200A0D043 /* Release */ = {
			isa = XCBuildConfiguration;
			buildSettings = {
				ALWAYS_EMBED_SWIFT_STANDARD_LIBRARIES = YES;
				BUNDLE_LOADER = "$(TEST_HOST)";
				CODE_SIGN_STYLE = Automatic;
				CURRENT_PROJECT_VERSION = 1;
				GENERATE_INFOPLIST_FILE = YES;
				IPHONEOS_DEPLOYMENT_TARGET = 15.0;
				LD_RUNPATH_SEARCH_PATHS = (
					"$(inherited)",
					"@executable_path/Frameworks",
					"@loader_path/Frameworks",
				);
				MARKETING_VERSION = 1.0;
				PRODUCT_BUNDLE_IDENTIFIER = com.bytedance.BytedanceWeatherTests;
				PRODUCT_NAME = "$(TARGET_NAME)";
				SWIFT_EMIT_LOC_STRINGS = NO;
				SWIFT_VERSION = 5.0;
				TARGETED_DEVICE_FAMILY = "1,2";
				TEST_HOST = "$(BUILT_PRODUCTS_DIR)/BytedanceWeather.app/BytedanceWeather";
			};
			name = Release;
		};
		7343CD6A288E986200A0D043 /* Debug */ = {
			isa = XCBuildConfiguration;
			buildSettings = {
				ALWAYS_EMBED_SWIFT_STANDARD_LIBRARIES = YES;
				CODE_SIGN_STYLE = Automatic;
				CURRENT_PROJECT_VERSION = 1;
				GENERATE_INFOPLIST_FILE = YES;
				LD_RUNPATH_SEARCH_PATHS = (
					"$(inherited)",
					"@executable_path/Frameworks",
					"@loader_path/Frameworks",
				);
				MARKETING_VERSION = 1.0;
				PRODUCT_BUNDLE_IDENTIFIER = com.bytedance.BytedanceWeatherUITests;
				PRODUCT_NAME = "$(TARGET_NAME)";
				SWIFT_EMIT_LOC_STRINGS = NO;
				SWIFT_VERSION = 5.0;
				TARGETED_DEVICE_FAMILY = "1,2";
				TEST_TARGET_NAME = BytedanceWeather;
			};
			name = Debug;
		};
		7343CD6B288E986200A0D043 /* Release */ = {
			isa = XCBuildConfiguration;
			buildSettings = {
				ALWAYS_EMBED_SWIFT_STANDARD_LIBRARIES = YES;
				CODE_SIGN_STYLE = Automatic;
				CURRENT_PROJECT_VERSION = 1;
				GENERATE_INFOPLIST_FILE = YES;
				LD_RUNPATH_SEARCH_PATHS = (
					"$(inherited)",
					"@executable_path/Frameworks",
					"@loader_path/Frameworks",
				);
				MARKETING_VERSION = 1.0;
				PRODUCT_BUNDLE_IDENTIFIER = com.bytedance.BytedanceWeatherUITests;
				PRODUCT_NAME = "$(TARGET_NAME)";
				SWIFT_EMIT_LOC_STRINGS = NO;
				SWIFT_VERSION = 5.0;
				TARGETED_DEVICE_FAMILY = "1,2";
				TEST_TARGET_NAME = BytedanceWeather;
			};
			name = Release;
		};
/* End XCBuildConfiguration section */

/* Begin XCConfigurationList section */
		7343CD34288E985D00A0D043 /* Build configuration list for PBXProject "BytedanceWeather" */ = {
			isa = XCConfigurationList;
			buildConfigurations = (
				7343CD61288E986200A0D043 /* Debug */,
				7343CD62288E986200A0D043 /* Release */,
			);
			defaultConfigurationIsVisible = 0;
			defaultConfigurationName = Release;
		};
		7343CD63288E986200A0D043 /* Build configuration list for PBXNativeTarget "BytedanceWeather" */ = {
			isa = XCConfigurationList;
			buildConfigurations = (
				7343CD64288E986200A0D043 /* Debug */,
				7343CD65288E986200A0D043 /* Release */,
			);
			defaultConfigurationIsVisible = 0;
			defaultConfigurationName = Release;
		};
		7343CD66288E986200A0D043 /* Build configuration list for PBXNativeTarget "BytedanceWeatherTests" */ = {
			isa = XCConfigurationList;
			buildConfigurations = (
				7343CD67288E986200A0D043 /* Debug */,
				7343CD68288E986200A0D043 /* Release */,
			);
			defaultConfigurationIsVisible = 0;
			defaultConfigurationName = Release;
		};
		7343CD69288E986200A0D043 /* Build configuration list for PBXNativeTarget "BytedanceWeatherUITests" */ = {
			isa = XCConfigurationList;
			buildConfigurations = (
				7343CD6A288E986200A0D043 /* Debug */,
				7343CD6B288E986200A0D043 /* Release */,
			);
			defaultConfigurationIsVisible = 0;
			defaultConfigurationName = Release;
		};
/* End XCConfigurationList section */
	};
	rootObject = 7343CD31288E985D00A0D043 /* Project object */;
}
